
Microsoft Visual Studio Solution File, Format Version 12.00
# Visual Studio Version 16
VisualStudioVersion = 16.0.30907.101
MinimumVisualStudioVersion = 10.0.40219.1
Project("{FAE04EC0-301F-11D3-BF4B-00C04F79EFBC}") = "HRMSAPP.Entities", "HRMSAPP.Entities\HRMSAPP.Entities.csproj", "{A58FF6C3-D6E5-4885-AB1E-C93C4118BF73}"
EndProject
Project("{FAE04EC0-301F-11D3-BF4B-00C04F79EFBC}") = "HRMSAPP.Repository", "HRMSAPP.Repository\HRMSAPP.Repository.csproj", "{BBF1B95E-7F50-4222-96D6-4C4679AA09AD}"
EndProject
Project("{FAE04EC0-301F-11D3-BF4B-00C04F79EFBC}") = "HRMSAPP.DataAccessLayer", "HRMSAPP.DataAccessLayer\HRMSAPP.DataAccessLayer.csproj", "{F5C96282-08CF-4124-9E9D-86952E2CA468}"
EndProject
Project("{FAE04EC0-301F-11D3-BF4B-00C04F79EFBC}") = "HRMSAPP.BusinessLayer", "HRMSAPP.BusinessLayer\HRMSAPP.BusinessLayer.csproj", "{F474516E-DA95-48D0-8911-2F144936DAE3}"
EndProject
Project("{FAE04EC0-301F-11D3-BF4B-00C04F79EFBC}") = "HRMSAPP.UserInterface", "HRMSAPP.UserInterface\HRMSAPP.UserInterface.csproj", "{B26A0A75-8218-4E76-B4EA-8BBA7CC9163E}"
EndProject
Project("{FAE04EC0-301F-11D3-BF4B-00C04F79EFBC}") = "HRMSAPP.Tests", "HRMSAPP.Tests\HRMSAPP.Tests.csproj", "{87E75182-583F-4D05-9E39-2BA64D6A0347}"
EndProject
Project("{FAE04EC0-301F-11D3-BF4B-00C04F79EFBC}") = "HRMSAPP.MSTests", "HRMSAPP.MSTests\HRMSAPP.MSTests.csproj", "{EEDA055C-52DB-4B57-8B71-99DB36A4E283}"
EndProject
Global
	GlobalSection(SolutionConfigurationPlatforms) = preSolution
		Debug|Any CPU = Debug|Any CPU
		Release|Any CPU = Release|Any CPU
	EndGlobalSection
	GlobalSection(ProjectConfigurationPlatforms) = postSolution
		{A58FF6C3-D6E5-4885-AB1E-C93C4118BF73}.Debug|Any CPU.ActiveCfg = Debug|Any CPU
		{A58FF6C3-D6E5-4885-AB1E-C93C4118BF73}.Debug|Any CPU.Build.0 = Debug|Any CPU
		{A58FF6C3-D6E5-4885-AB1E-C93C4118BF73}.Release|Any CPU.ActiveCfg = Release|Any CPU
		{A58FF6C3-D6E5-4885-AB1E-C93C4118BF73}.Release|Any CPU.Build.0 = Release|Any CPU
		{BBF1B95E-7F50-4222-96D6-4C4679AA09AD}.Debug|Any CPU.ActiveCfg = Debug|Any CPU
		{BBF1B95E-7F50-4222-96D6-4C4679AA09AD}.Debug|Any CPU.Build.0 = Debug|Any CPU
		{BBF1B95E-7F50-4222-96D6-4C4679AA09AD}.Release|Any CPU.ActiveCfg = Release|Any CPU
		{BBF1B95E-7F50-4222-96D6-4C4679AA09AD}.Release|Any CPU.Build.0 = Release|Any CPU
		{F5C96282-08CF-4124-9E9D-86952E2CA468}.Debug|Any CPU.ActiveCfg = Debug|Any CPU
		{F5C96282-08CF-4124-9E9D-86952E2CA468}.Debug|Any CPU.Build.0 = Debug|Any CPU
		{F5C96282-08CF-4124-9E9D-86952E2CA468}.Release|Any CPU.ActiveCfg = Release|Any CPU
		{F5C96282-08CF-4124-9E9D-86952E2CA468}.Release|Any CPU.Build.0 = Release|Any CPU
		{F474516E-DA95-48D0-8911-2F144936DAE3}.Debug|Any CPU.ActiveCfg = Debug|Any CPU
		{F474516E-DA95-48D0-8911-2F144936DAE3}.Debug|Any CPU.Build.0 = Debug|Any CPU
		{F474516E-DA95-48D0-8911-2F144936DAE3}.Release|Any CPU.ActiveCfg = Release|Any CPU
		{F474516E-DA95-48D0-8911-2F144936DAE3}.Release|Any CPU.Build.0 = Release|Any CPU
		{B26A0A75-8218-4E76-B4EA-8BBA7CC9163E}.Debug|Any CPU.ActiveCfg = Debug|Any CPU
		{B26A0A75-8218-4E76-B4EA-8BBA7CC9163E}.Debug|Any CPU.Build.0 = Debug|Any CPU
		{B26A0A75-8218-4E76-B4EA-8BBA7CC9163E}.Release|Any CPU.ActiveCfg = Release|Any CPU
		{B26A0A75-8218-4E76-B4EA-8BBA7CC9163E}.Release|Any CPU.Build.0 = Release|Any CPU
		{87E75182-583F-4D05-9E39-2BA64D6A0347}.Debug|Any CPU.ActiveCfg = Debug|Any CPU
		{87E75182-583F-4D05-9E39-2BA64D6A0347}.Debug|Any CPU.Build.0 = Debug|Any CPU
		{87E75182-583F-4D05-9E39-2BA64D6A0347}.Release|Any CPU.ActiveCfg = Release|Any CPU
		{87E75182-583F-4D05-9E39-2BA64D6A0347}.Release|Any CPU.Build.0 = Release|Any CPU
		{EEDA055C-52DB-4B57-8B71-99DB36A4E283}.Debug|Any CPU.ActiveCfg = Debug|Any CPU
		{EEDA055C-52DB-4B57-8B71-99DB36A4E283}.Debug|Any CPU.Build.0 = Debug|Any CPU
		{EEDA055C-52DB-4B57-8B71-99DB36A4E283}.Release|Any CPU.ActiveCfg = Release|Any CPU
		{EEDA055C-52DB-4B57-8B71-99DB36A4E283}.Release|Any CPU.Build.0 = Release|Any CPU
	EndGlobalSection
	GlobalSection(SolutionProperties) = preSolution
		HideSolutionNode = FALSE
	EndGlobalSection
	GlobalSection(ExtensibilityGlobals) = postSolution
		SolutionGuid = {F622B06B-D023-417A-9B01-B390748FB15F}
	EndGlobalSection
EndGlobal
