
Microsoft Visual Studio Solution File, Format Version 12.00
# Visual Studio Version 16
VisualStudioVersion = 16.0.31105.61
MinimumVisualStudioVersion = 10.0.40219.1
Project("{FAE04EC0-301F-11D3-BF4B-00C04F79EFBC}") = "DynamicDemo", "DynamicDemo\DynamicDemo.csproj", "{017077C1-2875-44C9-8872-6D1A070A4446}"
EndProject
Project("{FAE04EC0-301F-11D3-BF4B-00C04F79EFBC}") = "TestMvcCore", "TestMvcCore\TestMvcCore.csproj", "{739BC77D-A48E-4709-9335-9284D9564D4D}"
EndProject
Global
	GlobalSection(SolutionConfigurationPlatforms) = preSolution
		Debug|Any CPU = Debug|Any CPU
		Release|Any CPU = Release|Any CPU
	EndGlobalSection
	GlobalSection(ProjectConfigurationPlatforms) = postSolution
		{017077C1-2875-44C9-8872-6D1A070A4446}.Debug|Any CPU.ActiveCfg = Debug|Any CPU
		{017077C1-2875-44C9-8872-6D1A070A4446}.Debug|Any CPU.Build.0 = Debug|Any CPU
		{017077C1-2875-44C9-8872-6D1A070A4446}.Release|Any CPU.ActiveCfg = Release|Any CPU
		{017077C1-2875-44C9-8872-6D1A070A4446}.Release|Any CPU.Build.0 = Release|Any CPU
		{739BC77D-A48E-4709-9335-9284D9564D4D}.Debug|Any CPU.ActiveCfg = Debug|Any CPU
		{739BC77D-A48E-4709-9335-9284D9564D4D}.Debug|Any CPU.Build.0 = Debug|Any CPU
		{739BC77D-A48E-4709-9335-9284D9564D4D}.Release|Any CPU.ActiveCfg = Release|Any CPU
		{739BC77D-A48E-4709-9335-9284D9564D4D}.Release|Any CPU.Build.0 = Release|Any CPU
	EndGlobalSection
	GlobalSection(SolutionProperties) = preSolution
		HideSolutionNode = FALSE
	EndGlobalSection
	GlobalSection(ExtensibilityGlobals) = postSolution
		SolutionGuid = {DD8D7985-EEDE-48EA-9F21-41845DE07574}
	EndGlobalSection
EndGlobal
