
Microsoft Visual Studio Solution File, Format Version 12.00
# Visual Studio Version 16
VisualStudioVersion = 16.0.30907.101
MinimumVisualStudioVersion = 10.0.40219.1
Project("{9A19103F-16F7-4668-BE54-9A1E7A4F7556}") = "ExceptionHandlingDemo", "ExceptionHandlingDemo\ExceptionHandlingDemo.csproj", "{0BC3A3F8-E368-484E-9CF9-8AF7759E0F03}"
EndProject
Project("{FAE04EC0-301F-11D3-BF4B-00C04F79EFBC}") = "CustomExceptionHandlingDemo", "CustomExceptionHandlingDemo\CustomExceptionHandlingDemo.csproj", "{72325E74-A092-4E25-A66C-5CFA4D819982}"
EndProject
Global
	GlobalSection(SolutionConfigurationPlatforms) = preSolution
		Debug|Any CPU = Debug|Any CPU
		Release|Any CPU = Release|Any CPU
	EndGlobalSection
	GlobalSection(ProjectConfigurationPlatforms) = postSolution
		{0BC3A3F8-E368-484E-9CF9-8AF7759E0F03}.Debug|Any CPU.ActiveCfg = Debug|Any CPU
		{0BC3A3F8-E368-484E-9CF9-8AF7759E0F03}.Debug|Any CPU.Build.0 = Debug|Any CPU
		{0BC3A3F8-E368-484E-9CF9-8AF7759E0F03}.Release|Any CPU.ActiveCfg = Release|Any CPU
		{0BC3A3F8-E368-484E-9CF9-8AF7759E0F03}.Release|Any CPU.Build.0 = Release|Any CPU
		{72325E74-A092-4E25-A66C-5CFA4D819982}.Debug|Any CPU.ActiveCfg = Debug|Any CPU
		{72325E74-A092-4E25-A66C-5CFA4D819982}.Debug|Any CPU.Build.0 = Debug|Any CPU
		{72325E74-A092-4E25-A66C-5CFA4D819982}.Release|Any CPU.ActiveCfg = Release|Any CPU
		{72325E74-A092-4E25-A66C-5CFA4D819982}.Release|Any CPU.Build.0 = Release|Any CPU
	EndGlobalSection
	GlobalSection(SolutionProperties) = preSolution
		HideSolutionNode = FALSE
	EndGlobalSection
	GlobalSection(ExtensibilityGlobals) = postSolution
		SolutionGuid = {197E8C3F-0EBC-4352-9A12-1F0FCD8DF0CF}
	EndGlobalSection
EndGlobal
