
Microsoft Visual Studio Solution File, Format Version 12.00
# Visual Studio Version 16
VisualStudioVersion = 16.0.30907.101
MinimumVisualStudioVersion = 10.0.40219.1
Project("{FAE04EC0-301F-11D3-BF4B-00C04F79EFBC}") = "GenericDemo", "GenericDemo\GenericDemo.csproj", "{2C62F692-6909-4EEF-B812-CFC5A0AE8F40}"
EndProject
Project("{FAE04EC0-301F-11D3-BF4B-00C04F79EFBC}") = "GenericClassDemo", "GenericClassDemo\GenericClassDemo.csproj", "{F2A521FB-D7B0-4AA0-8BF6-FF3D30890E3C}"
EndProject
Global
	GlobalSection(SolutionConfigurationPlatforms) = preSolution
		Debug|Any CPU = Debug|Any CPU
		Release|Any CPU = Release|Any CPU
	EndGlobalSection
	GlobalSection(ProjectConfigurationPlatforms) = postSolution
		{2C62F692-6909-4EEF-B812-CFC5A0AE8F40}.Debug|Any CPU.ActiveCfg = Debug|Any CPU
		{2C62F692-6909-4EEF-B812-CFC5A0AE8F40}.Debug|Any CPU.Build.0 = Debug|Any CPU
		{2C62F692-6909-4EEF-B812-CFC5A0AE8F40}.Release|Any CPU.ActiveCfg = Release|Any CPU
		{2C62F692-6909-4EEF-B812-CFC5A0AE8F40}.Release|Any CPU.Build.0 = Release|Any CPU
		{F2A521FB-D7B0-4AA0-8BF6-FF3D30890E3C}.Debug|Any CPU.ActiveCfg = Debug|Any CPU
		{F2A521FB-D7B0-4AA0-8BF6-FF3D30890E3C}.Debug|Any CPU.Build.0 = Debug|Any CPU
		{F2A521FB-D7B0-4AA0-8BF6-FF3D30890E3C}.Release|Any CPU.ActiveCfg = Release|Any CPU
		{F2A521FB-D7B0-4AA0-8BF6-FF3D30890E3C}.Release|Any CPU.Build.0 = Release|Any CPU
	EndGlobalSection
	GlobalSection(SolutionProperties) = preSolution
		HideSolutionNode = FALSE
	EndGlobalSection
	GlobalSection(ExtensibilityGlobals) = postSolution
		SolutionGuid = {0F36AE9A-ACAE-4F1F-A8FF-C5552926E07A}
	EndGlobalSection
EndGlobal
