
Microsoft Visual Studio Solution File, Format Version 12.00
# Visual Studio 15
VisualStudioVersion = 15.0.26124.0
MinimumVisualStudioVersion = 15.0.26124.0
Project("{FAE04EC0-301F-11D3-BF4B-00C04F79EFBC}") = "OutstandingPersonApp.Entities", "OutstandingPersonApp.Entities\OutstandingPersonApp.Entities.csproj", "{441B6222-09AE-47B5-B45D-3DF82B7E98BE}"
EndProject
Project("{FAE04EC0-301F-11D3-BF4B-00C04F79EFBC}") = "OutstandingPersonApp.UserInterface", "OutstandingPersonApp.UserInterface\OutstandingPersonApp.UserInterface.csproj", "{24E71D1A-A56C-49EA-921A-6C2C5700D115}"
EndProject
Global
	GlobalSection(SolutionConfigurationPlatforms) = preSolution
		Debug|Any CPU = Debug|Any CPU
		Debug|x64 = Debug|x64
		Debug|x86 = Debug|x86
		Release|Any CPU = Release|Any CPU
		Release|x64 = Release|x64
		Release|x86 = Release|x86
	EndGlobalSection
	GlobalSection(SolutionProperties) = preSolution
		HideSolutionNode = FALSE
	EndGlobalSection
	GlobalSection(ProjectConfigurationPlatforms) = postSolution
		{441B6222-09AE-47B5-B45D-3DF82B7E98BE}.Debug|Any CPU.ActiveCfg = Debug|Any CPU
		{441B6222-09AE-47B5-B45D-3DF82B7E98BE}.Debug|Any CPU.Build.0 = Debug|Any CPU
		{441B6222-09AE-47B5-B45D-3DF82B7E98BE}.Debug|x64.ActiveCfg = Debug|Any CPU
		{441B6222-09AE-47B5-B45D-3DF82B7E98BE}.Debug|x64.Build.0 = Debug|Any CPU
		{441B6222-09AE-47B5-B45D-3DF82B7E98BE}.Debug|x86.ActiveCfg = Debug|Any CPU
		{441B6222-09AE-47B5-B45D-3DF82B7E98BE}.Debug|x86.Build.0 = Debug|Any CPU
		{441B6222-09AE-47B5-B45D-3DF82B7E98BE}.Release|Any CPU.ActiveCfg = Release|Any CPU
		{441B6222-09AE-47B5-B45D-3DF82B7E98BE}.Release|Any CPU.Build.0 = Release|Any CPU
		{441B6222-09AE-47B5-B45D-3DF82B7E98BE}.Release|x64.ActiveCfg = Release|Any CPU
		{441B6222-09AE-47B5-B45D-3DF82B7E98BE}.Release|x64.Build.0 = Release|Any CPU
		{441B6222-09AE-47B5-B45D-3DF82B7E98BE}.Release|x86.ActiveCfg = Release|Any CPU
		{441B6222-09AE-47B5-B45D-3DF82B7E98BE}.Release|x86.Build.0 = Release|Any CPU
		{24E71D1A-A56C-49EA-921A-6C2C5700D115}.Debug|Any CPU.ActiveCfg = Debug|Any CPU
		{24E71D1A-A56C-49EA-921A-6C2C5700D115}.Debug|Any CPU.Build.0 = Debug|Any CPU
		{24E71D1A-A56C-49EA-921A-6C2C5700D115}.Debug|x64.ActiveCfg = Debug|Any CPU
		{24E71D1A-A56C-49EA-921A-6C2C5700D115}.Debug|x64.Build.0 = Debug|Any CPU
		{24E71D1A-A56C-49EA-921A-6C2C5700D115}.Debug|x86.ActiveCfg = Debug|Any CPU
		{24E71D1A-A56C-49EA-921A-6C2C5700D115}.Debug|x86.Build.0 = Debug|Any CPU
		{24E71D1A-A56C-49EA-921A-6C2C5700D115}.Release|Any CPU.ActiveCfg = Release|Any CPU
		{24E71D1A-A56C-49EA-921A-6C2C5700D115}.Release|Any CPU.Build.0 = Release|Any CPU
		{24E71D1A-A56C-49EA-921A-6C2C5700D115}.Release|x64.ActiveCfg = Release|Any CPU
		{24E71D1A-A56C-49EA-921A-6C2C5700D115}.Release|x64.Build.0 = Release|Any CPU
		{24E71D1A-A56C-49EA-921A-6C2C5700D115}.Release|x86.ActiveCfg = Release|Any CPU
		{24E71D1A-A56C-49EA-921A-6C2C5700D115}.Release|x86.Build.0 = Release|Any CPU
	EndGlobalSection
EndGlobal
