
Microsoft Visual Studio Solution File, Format Version 12.00
# Visual Studio 15
VisualStudioVersion = 15.0.26124.0
MinimumVisualStudioVersion = 15.0.26124.0
Project("{FAE04EC0-301F-11D3-BF4B-00C04F79EFBC}") = "daolibrary", "daolibrary\daolibrary.csproj", "{66BA77EA-D570-4573-86A2-0C31A8A78F0D}"
EndProject
Project("{FAE04EC0-301F-11D3-BF4B-00C04F79EFBC}") = "client", "client\client.csproj", "{4837ADE8-4900-45A2-ABF4-03DDF4CCBA0D}"
EndProject
Project("{FAE04EC0-301F-11D3-BF4B-00C04F79EFBC}") = "IOCContainer", "IOCContainer\IOCContainer.csproj", "{4A6FBAFF-7308-48CA-89BF-394445AB6FD5}"
EndProject
Global
	GlobalSection(SolutionConfigurationPlatforms) = preSolution
		Debug|Any CPU = Debug|Any CPU
		Debug|x64 = Debug|x64
		Debug|x86 = Debug|x86
		Release|Any CPU = Release|Any CPU
		Release|x64 = Release|x64
		Release|x86 = Release|x86
	EndGlobalSection
	GlobalSection(SolutionProperties) = preSolution
		HideSolutionNode = FALSE
	EndGlobalSection
	GlobalSection(ProjectConfigurationPlatforms) = postSolution
		{66BA77EA-D570-4573-86A2-0C31A8A78F0D}.Debug|Any CPU.ActiveCfg = Debug|Any CPU
		{66BA77EA-D570-4573-86A2-0C31A8A78F0D}.Debug|Any CPU.Build.0 = Debug|Any CPU
		{66BA77EA-D570-4573-86A2-0C31A8A78F0D}.Debug|x64.ActiveCfg = Debug|Any CPU
		{66BA77EA-D570-4573-86A2-0C31A8A78F0D}.Debug|x64.Build.0 = Debug|Any CPU
		{66BA77EA-D570-4573-86A2-0C31A8A78F0D}.Debug|x86.ActiveCfg = Debug|Any CPU
		{66BA77EA-D570-4573-86A2-0C31A8A78F0D}.Debug|x86.Build.0 = Debug|Any CPU
		{66BA77EA-D570-4573-86A2-0C31A8A78F0D}.Release|Any CPU.ActiveCfg = Release|Any CPU
		{66BA77EA-D570-4573-86A2-0C31A8A78F0D}.Release|Any CPU.Build.0 = Release|Any CPU
		{66BA77EA-D570-4573-86A2-0C31A8A78F0D}.Release|x64.ActiveCfg = Release|Any CPU
		{66BA77EA-D570-4573-86A2-0C31A8A78F0D}.Release|x64.Build.0 = Release|Any CPU
		{66BA77EA-D570-4573-86A2-0C31A8A78F0D}.Release|x86.ActiveCfg = Release|Any CPU
		{66BA77EA-D570-4573-86A2-0C31A8A78F0D}.Release|x86.Build.0 = Release|Any CPU
		{4837ADE8-4900-45A2-ABF4-03DDF4CCBA0D}.Debug|Any CPU.ActiveCfg = Debug|Any CPU
		{4837ADE8-4900-45A2-ABF4-03DDF4CCBA0D}.Debug|Any CPU.Build.0 = Debug|Any CPU
		{4837ADE8-4900-45A2-ABF4-03DDF4CCBA0D}.Debug|x64.ActiveCfg = Debug|Any CPU
		{4837ADE8-4900-45A2-ABF4-03DDF4CCBA0D}.Debug|x64.Build.0 = Debug|Any CPU
		{4837ADE8-4900-45A2-ABF4-03DDF4CCBA0D}.Debug|x86.ActiveCfg = Debug|Any CPU
		{4837ADE8-4900-45A2-ABF4-03DDF4CCBA0D}.Debug|x86.Build.0 = Debug|Any CPU
		{4837ADE8-4900-45A2-ABF4-03DDF4CCBA0D}.Release|Any CPU.ActiveCfg = Release|Any CPU
		{4837ADE8-4900-45A2-ABF4-03DDF4CCBA0D}.Release|Any CPU.Build.0 = Release|Any CPU
		{4837ADE8-4900-45A2-ABF4-03DDF4CCBA0D}.Release|x64.ActiveCfg = Release|Any CPU
		{4837ADE8-4900-45A2-ABF4-03DDF4CCBA0D}.Release|x64.Build.0 = Release|Any CPU
		{4837ADE8-4900-45A2-ABF4-03DDF4CCBA0D}.Release|x86.ActiveCfg = Release|Any CPU
		{4837ADE8-4900-45A2-ABF4-03DDF4CCBA0D}.Release|x86.Build.0 = Release|Any CPU
		{4A6FBAFF-7308-48CA-89BF-394445AB6FD5}.Debug|Any CPU.ActiveCfg = Debug|Any CPU
		{4A6FBAFF-7308-48CA-89BF-394445AB6FD5}.Debug|Any CPU.Build.0 = Debug|Any CPU
		{4A6FBAFF-7308-48CA-89BF-394445AB6FD5}.Debug|x64.ActiveCfg = Debug|Any CPU
		{4A6FBAFF-7308-48CA-89BF-394445AB6FD5}.Debug|x64.Build.0 = Debug|Any CPU
		{4A6FBAFF-7308-48CA-89BF-394445AB6FD5}.Debug|x86.ActiveCfg = Debug|Any CPU
		{4A6FBAFF-7308-48CA-89BF-394445AB6FD5}.Debug|x86.Build.0 = Debug|Any CPU
		{4A6FBAFF-7308-48CA-89BF-394445AB6FD5}.Release|Any CPU.ActiveCfg = Release|Any CPU
		{4A6FBAFF-7308-48CA-89BF-394445AB6FD5}.Release|Any CPU.Build.0 = Release|Any CPU
		{4A6FBAFF-7308-48CA-89BF-394445AB6FD5}.Release|x64.ActiveCfg = Release|Any CPU
		{4A6FBAFF-7308-48CA-89BF-394445AB6FD5}.Release|x64.Build.0 = Release|Any CPU
		{4A6FBAFF-7308-48CA-89BF-394445AB6FD5}.Release|x86.ActiveCfg = Release|Any CPU
		{4A6FBAFF-7308-48CA-89BF-394445AB6FD5}.Release|x86.Build.0 = Release|Any CPU
	EndGlobalSection
EndGlobal
