
Microsoft Visual Studio Solution File, Format Version 12.00
# Visual Studio Version 16
VisualStudioVersion = 16.0.31105.61
MinimumVisualStudioVersion = 10.0.40219.1
Project("{FAE04EC0-301F-11D3-BF4B-00C04F79EFBC}") = "ProductManagementSystem.UserInterface", "ProductManagementSystem.UserInterface\ProductManagementSystem.UserInterface.csproj", "{B9AB4B1E-13F9-4B18-A074-DD5A7D7E3A42}"
EndProject
Project("{FAE04EC0-301F-11D3-BF4B-00C04F79EFBC}") = "ProductManagementSystem.Entities", "ProductManagementSystem.Entities\ProductManagementSystem.Entities.csproj", "{B23BA180-6F51-47BE-948D-BCA6A765EA89}"
EndProject
Project("{FAE04EC0-301F-11D3-BF4B-00C04F79EFBC}") = "ProductManagementSystem.DAL", "ProductManagementSystem.DAL\ProductManagementSystem.DAL.csproj", "{CD84C22B-2864-4A09-B986-91DE308AFD44}"
EndProject
Project("{FAE04EC0-301F-11D3-BF4B-00C04F79EFBC}") = "ProductManagementSystem.BL", "ProductManagementSystem.BL\ProductManagementSystem.BL.csproj", "{928F630A-0ABC-4124-81A9-17B29AA81AF5}"
EndProject
Project("{FAE04EC0-301F-11D3-BF4B-00C04F79EFBC}") = "ProductManagementSystem.Container", "ProductManagementSystem.Container\ProductManagementSystem.Container.csproj", "{008E5143-471A-4C35-9340-4B4715DC3985}"
EndProject
Global
	GlobalSection(SolutionConfigurationPlatforms) = preSolution
		Debug|Any CPU = Debug|Any CPU
		Release|Any CPU = Release|Any CPU
	EndGlobalSection
	GlobalSection(ProjectConfigurationPlatforms) = postSolution
		{B9AB4B1E-13F9-4B18-A074-DD5A7D7E3A42}.Debug|Any CPU.ActiveCfg = Debug|Any CPU
		{B9AB4B1E-13F9-4B18-A074-DD5A7D7E3A42}.Debug|Any CPU.Build.0 = Debug|Any CPU
		{B9AB4B1E-13F9-4B18-A074-DD5A7D7E3A42}.Release|Any CPU.ActiveCfg = Release|Any CPU
		{B9AB4B1E-13F9-4B18-A074-DD5A7D7E3A42}.Release|Any CPU.Build.0 = Release|Any CPU
		{B23BA180-6F51-47BE-948D-BCA6A765EA89}.Debug|Any CPU.ActiveCfg = Debug|Any CPU
		{B23BA180-6F51-47BE-948D-BCA6A765EA89}.Debug|Any CPU.Build.0 = Debug|Any CPU
		{B23BA180-6F51-47BE-948D-BCA6A765EA89}.Release|Any CPU.ActiveCfg = Release|Any CPU
		{B23BA180-6F51-47BE-948D-BCA6A765EA89}.Release|Any CPU.Build.0 = Release|Any CPU
		{CD84C22B-2864-4A09-B986-91DE308AFD44}.Debug|Any CPU.ActiveCfg = Debug|Any CPU
		{CD84C22B-2864-4A09-B986-91DE308AFD44}.Debug|Any CPU.Build.0 = Debug|Any CPU
		{CD84C22B-2864-4A09-B986-91DE308AFD44}.Release|Any CPU.ActiveCfg = Release|Any CPU
		{CD84C22B-2864-4A09-B986-91DE308AFD44}.Release|Any CPU.Build.0 = Release|Any CPU
		{928F630A-0ABC-4124-81A9-17B29AA81AF5}.Debug|Any CPU.ActiveCfg = Debug|Any CPU
		{928F630A-0ABC-4124-81A9-17B29AA81AF5}.Debug|Any CPU.Build.0 = Debug|Any CPU
		{928F630A-0ABC-4124-81A9-17B29AA81AF5}.Release|Any CPU.ActiveCfg = Release|Any CPU
		{928F630A-0ABC-4124-81A9-17B29AA81AF5}.Release|Any CPU.Build.0 = Release|Any CPU
		{008E5143-471A-4C35-9340-4B4715DC3985}.Debug|Any CPU.ActiveCfg = Debug|Any CPU
		{008E5143-471A-4C35-9340-4B4715DC3985}.Debug|Any CPU.Build.0 = Debug|Any CPU
		{008E5143-471A-4C35-9340-4B4715DC3985}.Release|Any CPU.ActiveCfg = Release|Any CPU
		{008E5143-471A-4C35-9340-4B4715DC3985}.Release|Any CPU.Build.0 = Release|Any CPU
	EndGlobalSection
	GlobalSection(SolutionProperties) = preSolution
		HideSolutionNode = FALSE
	EndGlobalSection
	GlobalSection(ExtensibilityGlobals) = postSolution
		SolutionGuid = {54E49675-E7BE-48AD-8722-9E8C2ADEAC86}
	EndGlobalSection
EndGlobal
