
Microsoft Visual Studio Solution File, Format Version 12.00
# Visual Studio Version 16
VisualStudioVersion = 16.0.30907.101
MinimumVisualStudioVersion = 10.0.40219.1
Project("{FAE04EC0-301F-11D3-BF4B-00C04F79EFBC}") = "ComparisonDemo", "ComparisonDemo\ComparisonDemo.csproj", "{B6B9CE8D-763B-4415-8CCB-1BB67A11F23B}"
EndProject
Global
	GlobalSection(SolutionConfigurationPlatforms) = preSolution
		Debug|Any CPU = Debug|Any CPU
		Release|Any CPU = Release|Any CPU
	EndGlobalSection
	GlobalSection(ProjectConfigurationPlatforms) = postSolution
		{B6B9CE8D-763B-4415-8CCB-1BB67A11F23B}.Debug|Any CPU.ActiveCfg = Debug|Any CPU
		{B6B9CE8D-763B-4415-8CCB-1BB67A11F23B}.Debug|Any CPU.Build.0 = Debug|Any CPU
		{B6B9CE8D-763B-4415-8CCB-1BB67A11F23B}.Release|Any CPU.ActiveCfg = Release|Any CPU
		{B6B9CE8D-763B-4415-8CCB-1BB67A11F23B}.Release|Any CPU.Build.0 = Release|Any CPU
	EndGlobalSection
	GlobalSection(SolutionProperties) = preSolution
		HideSolutionNode = FALSE
	EndGlobalSection
	GlobalSection(ExtensibilityGlobals) = postSolution
		SolutionGuid = {E87E332A-F917-43D7-823B-554CAFC8C80D}
	EndGlobalSection
EndGlobal
